
Microsoft Visual Studio Solution File, Format Version 12.00
# Visual Studio Version 17
VisualStudioVersion = 17.14.36705.20 d17.14
MinimumVisualStudioVersion = 10.0.40219.1
Project("{FAE04EC0-301F-11D3-BF4B-00C04F79EFBC}") = "MiniHR.WebAPI", "MiniHR.WebAPI\MiniHR.WebAPI.csproj", "{E4DF1784-A8CE-465B-AE90-8A31CBB27FEF}"
EndProject
Global
	GlobalSection(SolutionConfigurationPlatforms) = preSolution
		Debug|Any CPU = Debug|Any CPU
		Release|Any CPU = Release|Any CPU
	EndGlobalSection
	GlobalSection(ProjectConfigurationPlatforms) = postSolution
		{E4DF1784-A8CE-465B-AE90-8A31CBB27FEF}.Debug|Any CPU.ActiveCfg = Debug|Any CPU
		{E4DF1784-A8CE-465B-AE90-8A31CBB27FEF}.Debug|Any CPU.Build.0 = Debug|Any CPU
		{E4DF1784-A8CE-465B-AE90-8A31CBB27FEF}.Release|Any CPU.ActiveCfg = Release|Any CPU
		{E4DF1784-A8CE-465B-AE90-8A31CBB27FEF}.Release|Any CPU.Build.0 = Release|Any CPU
	EndGlobalSection
	GlobalSection(SolutionProperties) = preSolution
		HideSolutionNode = FALSE
	EndGlobalSection
	GlobalSection(ExtensibilityGlobals) = postSolution
		SolutionGuid = {B2A30FB6-964B-4C59-B225-353656173821}
	EndGlobalSection
EndGlobal
